
Microsoft Visual Studio Solution File, Format Version 12.00
# Visual Studio Version 17
VisualStudioVersion = 17.13.35931.197 d17.13
MinimumVisualStudioVersion = 10.0.40219.1
Project("{FAE04EC0-301F-11D3-BF4B-00C04F79EFBC}") = "projectEDP", "projectEDP\projectEDP.csproj", "{97F5A438-7A4D-457A-B4EE-50C05A104C4D}"
EndProject
Global
	GlobalSection(SolutionConfigurationPlatforms) = preSolution
		Debug|Any CPU = Debug|Any CPU
		Release|Any CPU = Release|Any CPU
	EndGlobalSection
	GlobalSection(ProjectConfigurationPlatforms) = postSolution
		{97F5A438-7A4D-457A-B4EE-50C05A104C4D}.Debug|Any CPU.ActiveCfg = Debug|Any CPU
		{97F5A438-7A4D-457A-B4EE-50C05A104C4D}.Debug|Any CPU.Build.0 = Debug|Any CPU
		{97F5A438-7A4D-457A-B4EE-50C05A104C4D}.Release|Any CPU.ActiveCfg = Release|Any CPU
		{97F5A438-7A4D-457A-B4EE-50C05A104C4D}.Release|Any CPU.Build.0 = Release|Any CPU
	EndGlobalSection
	GlobalSection(SolutionProperties) = preSolution
		HideSolutionNode = FALSE
	EndGlobalSection
	GlobalSection(ExtensibilityGlobals) = postSolution
		SolutionGuid = {FB9B2C8E-45D8-4C04-986E-AFDDFCDEFCCA}
	EndGlobalSection
EndGlobal
